
Microsoft Visual Studio Solution File, Format Version 12.00
# Visual Studio 15
Project("{FAE04EC0-301F-11D3-BF4B-00C04F79EFBC}") = "sccsvr", "sccsvr.csproj", "{67EA7171-FB67-7B32-67A2-F20864B75AFC}"
EndProject
Project("{FAE04EC0-301F-11D3-BF4B-00C04F79EFBC}") = "sccsvr.Plugins", "sccsvr.Plugins.csproj", "{A04E69A8-5A2D-355E-3B6F-3EBBF360C00E}"
EndProject
Project("{FAE04EC0-301F-11D3-BF4B-00C04F79EFBC}") = "sccsvr.Editor", "sccsvr.Editor.csproj", "{87AB429C-67B5-61C7-B39B-73BD89259D34}"
EndProject
Project("{FAE04EC0-301F-11D3-BF4B-00C04F79EFBC}") = "sccsvr.Editor.Plugins", "sccsvr.Editor.Plugins.csproj", "{12FF1541-42E6-581A-F2C6-2C385043A9F3}"
EndProject
Global
	GlobalSection(SolutionConfigurationPlatforms) = preSolution
		Debug|Any CPU = Debug|Any CPU
		Release|Any CPU = Release|Any CPU
	EndGlobalSection
	GlobalSection(ProjectConfigurationPlatforms) = postSolution
		{67EA7171-FB67-7B32-67A2-F20864B75AFC}.Debug|Any CPU.ActiveCfg = Debug|Any CPU
		{67EA7171-FB67-7B32-67A2-F20864B75AFC}.Debug|Any CPU.Build.0 = Debug|Any CPU
		{67EA7171-FB67-7B32-67A2-F20864B75AFC}.Release|Any CPU.ActiveCfg = Release|Any CPU
		{67EA7171-FB67-7B32-67A2-F20864B75AFC}.Release|Any CPU.Build.0 = Release|Any CPU
		{A04E69A8-5A2D-355E-3B6F-3EBBF360C00E}.Debug|Any CPU.ActiveCfg = Debug|Any CPU
		{A04E69A8-5A2D-355E-3B6F-3EBBF360C00E}.Debug|Any CPU.Build.0 = Debug|Any CPU
		{A04E69A8-5A2D-355E-3B6F-3EBBF360C00E}.Release|Any CPU.ActiveCfg = Release|Any CPU
		{A04E69A8-5A2D-355E-3B6F-3EBBF360C00E}.Release|Any CPU.Build.0 = Release|Any CPU
		{87AB429C-67B5-61C7-B39B-73BD89259D34}.Debug|Any CPU.ActiveCfg = Debug|Any CPU
		{87AB429C-67B5-61C7-B39B-73BD89259D34}.Debug|Any CPU.Build.0 = Debug|Any CPU
		{87AB429C-67B5-61C7-B39B-73BD89259D34}.Release|Any CPU.ActiveCfg = Release|Any CPU
		{87AB429C-67B5-61C7-B39B-73BD89259D34}.Release|Any CPU.Build.0 = Release|Any CPU
		{12FF1541-42E6-581A-F2C6-2C385043A9F3}.Debug|Any CPU.ActiveCfg = Debug|Any CPU
		{12FF1541-42E6-581A-F2C6-2C385043A9F3}.Debug|Any CPU.Build.0 = Debug|Any CPU
		{12FF1541-42E6-581A-F2C6-2C385043A9F3}.Release|Any CPU.ActiveCfg = Release|Any CPU
		{12FF1541-42E6-581A-F2C6-2C385043A9F3}.Release|Any CPU.Build.0 = Release|Any CPU
	EndGlobalSection
	GlobalSection(SolutionProperties) = preSolution
		HideSolutionNode = FALSE
	EndGlobalSection
EndGlobal
