
Microsoft Visual Studio Solution File, Format Version 12.00
# Visual Studio 15
Project("{FAE04EC0-301F-11D3-BF4B-00C04F79EFBC}") = "sccs_MLBP_V1.0", "sccs_MLBP_V1.0.csproj", "{147CE8FE-C6A3-6B18-0784-44D35BE4CE36}"
EndProject
Project("{FAE04EC0-301F-11D3-BF4B-00C04F79EFBC}") = "sccs_MLBP_V1.0.Plugins", "sccs_MLBP_V1.0.Plugins.csproj", "{2BB8AA58-0430-9B93-B0CB-A748D0D66C85}"
EndProject
Project("{FAE04EC0-301F-11D3-BF4B-00C04F79EFBC}") = "sccs_MLBP_V1.0.Editor", "sccs_MLBP_V1.0.Editor.csproj", "{5EB86AFF-C0F5-65BF-4D0D-6D4B4F27161D}"
EndProject
Global
	GlobalSection(SolutionConfigurationPlatforms) = preSolution
		Debug|Any CPU = Debug|Any CPU
		Release|Any CPU = Release|Any CPU
	EndGlobalSection
	GlobalSection(ProjectConfigurationPlatforms) = postSolution
		{147CE8FE-C6A3-6B18-0784-44D35BE4CE36}.Debug|Any CPU.ActiveCfg = Debug|Any CPU
		{147CE8FE-C6A3-6B18-0784-44D35BE4CE36}.Debug|Any CPU.Build.0 = Debug|Any CPU
		{147CE8FE-C6A3-6B18-0784-44D35BE4CE36}.Release|Any CPU.ActiveCfg = Release|Any CPU
		{147CE8FE-C6A3-6B18-0784-44D35BE4CE36}.Release|Any CPU.Build.0 = Release|Any CPU
		{2BB8AA58-0430-9B93-B0CB-A748D0D66C85}.Debug|Any CPU.ActiveCfg = Debug|Any CPU
		{2BB8AA58-0430-9B93-B0CB-A748D0D66C85}.Debug|Any CPU.Build.0 = Debug|Any CPU
		{2BB8AA58-0430-9B93-B0CB-A748D0D66C85}.Release|Any CPU.ActiveCfg = Release|Any CPU
		{2BB8AA58-0430-9B93-B0CB-A748D0D66C85}.Release|Any CPU.Build.0 = Release|Any CPU
		{5EB86AFF-C0F5-65BF-4D0D-6D4B4F27161D}.Debug|Any CPU.ActiveCfg = Debug|Any CPU
		{5EB86AFF-C0F5-65BF-4D0D-6D4B4F27161D}.Debug|Any CPU.Build.0 = Debug|Any CPU
		{5EB86AFF-C0F5-65BF-4D0D-6D4B4F27161D}.Release|Any CPU.ActiveCfg = Release|Any CPU
		{5EB86AFF-C0F5-65BF-4D0D-6D4B4F27161D}.Release|Any CPU.Build.0 = Release|Any CPU
	EndGlobalSection
	GlobalSection(SolutionProperties) = preSolution
		HideSolutionNode = FALSE
	EndGlobalSection
EndGlobal
